// !$*UTF8*$!
{
	archiveVersion = 1;
	classes = {
	};
	objectVersion = 46;
	objects = {

/* Begin PBXBuildFile section */
		0215FEF116E838A0003F36A4 /* XpenseDetailsViewController.m in Sources */ = {isa = PBXBuildFile; fileRef = 0215FEEF16E838A0003F36A4 /* XpenseDetailsViewController.m */; };
		0215FEF216E838A0003F36A4 /* XpenseDetailsViewController.xib in Resources */ = {isa = PBXBuildFile; fileRef = 0215FEF016E838A0003F36A4 /* XpenseDetailsViewController.xib */; };
		0215FEF816E847D5003F36A4 /* TextFieldCell.xib in Resources */ = {isa = PBXBuildFile; fileRef = 0215FEF716E847D5003F36A4 /* TextFieldCell.xib */; };
		0215FEFB16E859D2003F36A4 /* TextFieldCell.m in Sources */ = {isa = PBXBuildFile; fileRef = 0215FEFA16E859D2003F36A4 /* TextFieldCell.m */; };
		0235676716E5D88D0065931A /* CategoryDetailsViewController.m in Sources */ = {isa = PBXBuildFile; fileRef = 0235676516E5D88D0065931A /* CategoryDetailsViewController.m */; };
		0235676816E5D88D0065931A /* CategoryDetailsViewController.xib in Resources */ = {isa = PBXBuildFile; fileRef = 0235676616E5D88D0065931A /* CategoryDetailsViewController.xib */; };
		0235676B16E5E70B0065931A /* CategoryManager.m in Sources */ = {isa = PBXBuildFile; fileRef = 0235676A16E5E70B0065931A /* CategoryManager.m */; };
		02A9053E16DB544300D5D2E8 /* UIKit.framework in Frameworks */ = {isa = PBXBuildFile; fileRef = 02A9053D16DB544300D5D2E8 /* UIKit.framework */; };
		02A9054016DB544300D5D2E8 /* Foundation.framework in Frameworks */ = {isa = PBXBuildFile; fileRef = 02A9053F16DB544300D5D2E8 /* Foundation.framework */; };
		02A9054216DB544300D5D2E8 /* CoreGraphics.framework in Frameworks */ = {isa = PBXBuildFile; fileRef = 02A9054116DB544300D5D2E8 /* CoreGraphics.framework */; };
		02A9054816DB544400D5D2E8 /* InfoPlist.strings in Resources */ = {isa = PBXBuildFile; fileRef = 02A9054616DB544400D5D2E8 /* InfoPlist.strings */; };
		02A9054A16DB544400D5D2E8 /* main.m in Sources */ = {isa = PBXBuildFile; fileRef = 02A9054916DB544400D5D2E8 /* main.m */; };
		02A9054E16DB544400D5D2E8 /* AppDelegate.m in Sources */ = {isa = PBXBuildFile; fileRef = 02A9054D16DB544400D5D2E8 /* AppDelegate.m */; };
		02A9055016DB544400D5D2E8 /* Default.png in Resources */ = {isa = PBXBuildFile; fileRef = 02A9054F16DB544400D5D2E8 /* Default.png */; };
		02A9055216DB544400D5D2E8 /* Default@2x.png in Resources */ = {isa = PBXBuildFile; fileRef = 02A9055116DB544400D5D2E8 /* Default@2x.png */; };
		02A9055416DB544400D5D2E8 /* Default-568h@2x.png in Resources */ = {isa = PBXBuildFile; fileRef = 02A9055316DB544400D5D2E8 /* Default-568h@2x.png */; };
		02A9055716DB544400D5D2E8 /* XpenseViewController.m in Sources */ = {isa = PBXBuildFile; fileRef = 02A9055616DB544400D5D2E8 /* XpenseViewController.m */; };
		02A9055916DB544400D5D2E8 /* first.png in Resources */ = {isa = PBXBuildFile; fileRef = 02A9055816DB544400D5D2E8 /* first.png */; };
		02A9055B16DB544400D5D2E8 /* first@2x.png in Resources */ = {isa = PBXBuildFile; fileRef = 02A9055A16DB544400D5D2E8 /* first@2x.png */; };
		02A9055E16DB544400D5D2E8 /* ReportViewController.m in Sources */ = {isa = PBXBuildFile; fileRef = 02A9055D16DB544400D5D2E8 /* ReportViewController.m */; };
		02A9056016DB544400D5D2E8 /* second.png in Resources */ = {isa = PBXBuildFile; fileRef = 02A9055F16DB544400D5D2E8 /* second.png */; };
		02A9056216DB544400D5D2E8 /* second@2x.png in Resources */ = {isa = PBXBuildFile; fileRef = 02A9056116DB544400D5D2E8 /* second@2x.png */; };
		02A9056516DB544400D5D2E8 /* XpenseViewController.xib in Resources */ = {isa = PBXBuildFile; fileRef = 02A9056316DB544400D5D2E8 /* XpenseViewController.xib */; };
		02A9056816DB544400D5D2E8 /* ReportViewController.xib in Resources */ = {isa = PBXBuildFile; fileRef = 02A9056616DB544400D5D2E8 /* ReportViewController.xib */; };
		02A9057216DB560600D5D2E8 /* SettingsViewController.m in Sources */ = {isa = PBXBuildFile; fileRef = 02A9057016DB560600D5D2E8 /* SettingsViewController.m */; };
		02A9057316DB560600D5D2E8 /* SettingsViewController.xib in Resources */ = {isa = PBXBuildFile; fileRef = 02A9057116DB560600D5D2E8 /* SettingsViewController.xib */; };
		02A9057A16DB62C600D5D2E8 /* xpense.xcdatamodeld in Sources */ = {isa = PBXBuildFile; fileRef = 02A9057816DB62C600D5D2E8 /* xpense.xcdatamodeld */; };
		02A9057D16DB669500D5D2E8 /* XpenseCategory.m in Sources */ = {isa = PBXBuildFile; fileRef = 02A9057C16DB669500D5D2E8 /* XpenseCategory.m */; };
		02A9058016DB66AC00D5D2E8 /* XpenseItem.m in Sources */ = {isa = PBXBuildFile; fileRef = 02A9057F16DB66AC00D5D2E8 /* XpenseItem.m */; };
		02A9058216DB68E000D5D2E8 /* CoreData.framework in Frameworks */ = {isa = PBXBuildFile; fileRef = 02A9058116DB68E000D5D2E8 /* CoreData.framework */; };
		02A9058516DB68FE00D5D2E8 /* DbStore.m in Sources */ = {isa = PBXBuildFile; fileRef = 02A9058416DB68FE00D5D2E8 /* DbStore.m */; };
		02A9A68216E488AB00E06FB5 /* CategoryViewController.m in Sources */ = {isa = PBXBuildFile; fileRef = 02A9A68016E488AB00E06FB5 /* CategoryViewController.m */; };
		02A9A68316E488AB00E06FB5 /* CategoryViewController.xib in Resources */ = {isa = PBXBuildFile; fileRef = 02A9A68116E488AB00E06FB5 /* CategoryViewController.xib */; };
		02CB923416E8617800C48128 /* LabelCell.xib in Resources */ = {isa = PBXBuildFile; fileRef = 02CB923316E8617800C48128 /* LabelCell.xib */; };
		02CB923716E8620700C48128 /* LabelCell.m in Sources */ = {isa = PBXBuildFile; fileRef = 02CB923616E8620700C48128 /* LabelCell.m */; };
		02CB923B16E8872A00C48128 /* DatePickerViewController.m in Sources */ = {isa = PBXBuildFile; fileRef = 02CB923916E8872A00C48128 /* DatePickerViewController.m */; };
		02CB923C16E8872A00C48128 /* DatePickerViewController.xib in Resources */ = {isa = PBXBuildFile; fileRef = 02CB923A16E8872A00C48128 /* DatePickerViewController.xib */; };
		02CB923F16E89B4B00C48128 /* XpenseItemManager.m in Sources */ = {isa = PBXBuildFile; fileRef = 02CB923E16E89B4B00C48128 /* XpenseItemManager.m */; };
/* End PBXBuildFile section */

/* Begin PBXFileReference section */
		0215FEEE16E838A0003F36A4 /* XpenseDetailsViewController.h */ = {isa = PBXFileReference; fileEncoding = 4; lastKnownFileType = sourcecode.c.h; path = XpenseDetailsViewController.h; sourceTree = "<group>"; };
		0215FEEF16E838A0003F36A4 /* XpenseDetailsViewController.m */ = {isa = PBXFileReference; fileEncoding = 4; lastKnownFileType = sourcecode.c.objc; path = XpenseDetailsViewController.m; sourceTree = "<group>"; };
		0215FEF016E838A0003F36A4 /* XpenseDetailsViewController.xib */ = {isa = PBXFileReference; fileEncoding = 4; lastKnownFileType = file.xib; path = XpenseDetailsViewController.xib; sourceTree = "<group>"; };
		0215FEF716E847D5003F36A4 /* TextFieldCell.xib */ = {isa = PBXFileReference; fileEncoding = 4; lastKnownFileType = file.xib; name = TextFieldCell.xib; path = TableViewCell/TextFieldCell.xib; sourceTree = "<group>"; };
		0215FEF916E859D2003F36A4 /* TextFieldCell.h */ = {isa = PBXFileReference; fileEncoding = 4; lastKnownFileType = sourcecode.c.h; name = TextFieldCell.h; path = TableViewCell/TextFieldCell.h; sourceTree = "<group>"; };
		0215FEFA16E859D2003F36A4 /* TextFieldCell.m */ = {isa = PBXFileReference; fileEncoding = 4; lastKnownFileType = sourcecode.c.objc; name = TextFieldCell.m; path = TableViewCell/TextFieldCell.m; sourceTree = "<group>"; };
		0235676416E5D88D0065931A /* CategoryDetailsViewController.h */ = {isa = PBXFileReference; fileEncoding = 4; lastKnownFileType = sourcecode.c.h; path = CategoryDetailsViewController.h; sourceTree = "<group>"; };
		0235676516E5D88D0065931A /* CategoryDetailsViewController.m */ = {isa = PBXFileReference; fileEncoding = 4; lastKnownFileType = sourcecode.c.objc; path = CategoryDetailsViewController.m; sourceTree = "<group>"; };
		0235676616E5D88D0065931A /* CategoryDetailsViewController.xib */ = {isa = PBXFileReference; fileEncoding = 4; lastKnownFileType = file.xib; path = CategoryDetailsViewController.xib; sourceTree = "<group>"; };
		0235676916E5E70B0065931A /* CategoryManager.h */ = {isa = PBXFileReference; fileEncoding = 4; lastKnownFileType = sourcecode.c.h; path = CategoryManager.h; sourceTree = "<group>"; };
		0235676A16E5E70B0065931A /* CategoryManager.m */ = {isa = PBXFileReference; fileEncoding = 4; lastKnownFileType = sourcecode.c.objc; path = CategoryManager.m; sourceTree = "<group>"; };
		02A9053A16DB544300D5D2E8 /* Xpense.app */ = {isa = PBXFileReference; explicitFileType = wrapper.application; includeInIndex = 0; path = Xpense.app; sourceTree = BUILT_PRODUCTS_DIR; };
		02A9053D16DB544300D5D2E8 /* UIKit.framework */ = {isa = PBXFileReference; lastKnownFileType = wrapper.framework; name = UIKit.framework; path = System/Library/Frameworks/UIKit.framework; sourceTree = SDKROOT; };
		02A9053F16DB544300D5D2E8 /* Foundation.framework */ = {isa = PBXFileReference; lastKnownFileType = wrapper.framework; name = Foundation.framework; path = System/Library/Frameworks/Foundation.framework; sourceTree = SDKROOT; };
		02A9054116DB544300D5D2E8 /* CoreGraphics.framework */ = {isa = PBXFileReference; lastKnownFileType = wrapper.framework; name = CoreGraphics.framework; path = System/Library/Frameworks/CoreGraphics.framework; sourceTree = SDKROOT; };
		02A9054516DB544400D5D2E8 /* Xpense-Info.plist */ = {isa = PBXFileReference; lastKnownFileType = text.plist.xml; path = "Xpense-Info.plist"; sourceTree = "<group>"; };
		02A9054716DB544400D5D2E8 /* en */ = {isa = PBXFileReference; lastKnownFileType = text.plist.strings; name = en; path = en.lproj/InfoPlist.strings; sourceTree = "<group>"; };
		02A9054916DB544400D5D2E8 /* main.m */ = {isa = PBXFileReference; lastKnownFileType = sourcecode.c.objc; path = main.m; sourceTree = "<group>"; };
		02A9054B16DB544400D5D2E8 /* Xpense-Prefix.pch */ = {isa = PBXFileReference; lastKnownFileType = sourcecode.c.h; path = "Xpense-Prefix.pch"; sourceTree = "<group>"; };
		02A9054C16DB544400D5D2E8 /* AppDelegate.h */ = {isa = PBXFileReference; lastKnownFileType = sourcecode.c.h; path = AppDelegate.h; sourceTree = "<group>"; };
		02A9054D16DB544400D5D2E8 /* AppDelegate.m */ = {isa = PBXFileReference; lastKnownFileType = sourcecode.c.objc; path = AppDelegate.m; sourceTree = "<group>"; };
		02A9054F16DB544400D5D2E8 /* Default.png */ = {isa = PBXFileReference; lastKnownFileType = image.png; path = Default.png; sourceTree = "<group>"; };
		02A9055116DB544400D5D2E8 /* Default@2x.png */ = {isa = PBXFileReference; lastKnownFileType = image.png; path = "Default@2x.png"; sourceTree = "<group>"; };
		02A9055316DB544400D5D2E8 /* Default-568h@2x.png */ = {isa = PBXFileReference; lastKnownFileType = image.png; path = "Default-568h@2x.png"; sourceTree = "<group>"; };
		02A9055516DB544400D5D2E8 /* XpenseViewController.h */ = {isa = PBXFileReference; lastKnownFileType = sourcecode.c.h; path = XpenseViewController.h; sourceTree = "<group>"; };
		02A9055616DB544400D5D2E8 /* XpenseViewController.m */ = {isa = PBXFileReference; lastKnownFileType = sourcecode.c.objc; path = XpenseViewController.m; sourceTree = "<group>"; };
		02A9055816DB544400D5D2E8 /* first.png */ = {isa = PBXFileReference; lastKnownFileType = image.png; path = first.png; sourceTree = "<group>"; };
		02A9055A16DB544400D5D2E8 /* first@2x.png */ = {isa = PBXFileReference; lastKnownFileType = image.png; path = "first@2x.png"; sourceTree = "<group>"; };
		02A9055C16DB544400D5D2E8 /* ReportViewController.h */ = {isa = PBXFileReference; lastKnownFileType = sourcecode.c.h; path = ReportViewController.h; sourceTree = "<group>"; };
		02A9055D16DB544400D5D2E8 /* ReportViewController.m */ = {isa = PBXFileReference; lastKnownFileType = sourcecode.c.objc; path = ReportViewController.m; sourceTree = "<group>"; };
		02A9055F16DB544400D5D2E8 /* second.png */ = {isa = PBXFileReference; lastKnownFileType = image.png; path = second.png; sourceTree = "<group>"; };
		02A9056116DB544400D5D2E8 /* second@2x.png */ = {isa = PBXFileReference; lastKnownFileType = image.png; path = "second@2x.png"; sourceTree = "<group>"; };
		02A9056416DB544400D5D2E8 /* en */ = {isa = PBXFileReference; lastKnownFileType = file.xib; name = en; path = en.lproj/XpenseViewController.xib; sourceTree = "<group>"; };
		02A9056716DB544400D5D2E8 /* en */ = {isa = PBXFileReference; lastKnownFileType = file.xib; name = en; path = en.lproj/ReportViewController.xib; sourceTree = "<group>"; };
		02A9056F16DB560600D5D2E8 /* SettingsViewController.h */ = {isa = PBXFileReference; fileEncoding = 4; lastKnownFileType = sourcecode.c.h; path = SettingsViewController.h; sourceTree = "<group>"; };
		02A9057016DB560600D5D2E8 /* SettingsViewController.m */ = {isa = PBXFileReference; fileEncoding = 4; lastKnownFileType = sourcecode.c.objc; path = SettingsViewController.m; sourceTree = "<group>"; };
		02A9057116DB560600D5D2E8 /* SettingsViewController.xib */ = {isa = PBXFileReference; fileEncoding = 4; lastKnownFileType = file.xib; path = SettingsViewController.xib; sourceTree = "<group>"; };
		02A9057916DB62C600D5D2E8 /* xpense.xcdatamodel */ = {isa = PBXFileReference; lastKnownFileType = wrapper.xcdatamodel; path = xpense.xcdatamodel; sourceTree = "<group>"; };
		02A9057B16DB669500D5D2E8 /* XpenseCategory.h */ = {isa = PBXFileReference; fileEncoding = 4; lastKnownFileType = sourcecode.c.h; path = XpenseCategory.h; sourceTree = "<group>"; };
		02A9057C16DB669500D5D2E8 /* XpenseCategory.m */ = {isa = PBXFileReference; fileEncoding = 4; lastKnownFileType = sourcecode.c.objc; path = XpenseCategory.m; sourceTree = "<group>"; };
		02A9057E16DB66AC00D5D2E8 /* XpenseItem.h */ = {isa = PBXFileReference; fileEncoding = 4; lastKnownFileType = sourcecode.c.h; path = XpenseItem.h; sourceTree = "<group>"; };
		02A9057F16DB66AC00D5D2E8 /* XpenseItem.m */ = {isa = PBXFileReference; fileEncoding = 4; lastKnownFileType = sourcecode.c.objc; path = XpenseItem.m; sourceTree = "<group>"; };
		02A9058116DB68E000D5D2E8 /* CoreData.framework */ = {isa = PBXFileReference; lastKnownFileType = wrapper.framework; name = CoreData.framework; path = System/Library/Frameworks/CoreData.framework; sourceTree = SDKROOT; };
		02A9058316DB68FE00D5D2E8 /* DbStore.h */ = {isa = PBXFileReference; fileEncoding = 4; lastKnownFileType = sourcecode.c.h; path = DbStore.h; sourceTree = "<group>"; };
		02A9058416DB68FE00D5D2E8 /* DbStore.m */ = {isa = PBXFileReference; fileEncoding = 4; lastKnownFileType = sourcecode.c.objc; path = DbStore.m; sourceTree = "<group>"; };
		02A9A67F16E488AB00E06FB5 /* CategoryViewController.h */ = {isa = PBXFileReference; fileEncoding = 4; lastKnownFileType = sourcecode.c.h; path = CategoryViewController.h; sourceTree = "<group>"; };
		02A9A68016E488AB00E06FB5 /* CategoryViewController.m */ = {isa = PBXFileReference; fileEncoding = 4; lastKnownFileType = sourcecode.c.objc; path = CategoryViewController.m; sourceTree = "<group>"; };
		02A9A68116E488AB00E06FB5 /* CategoryViewController.xib */ = {isa = PBXFileReference; fileEncoding = 4; lastKnownFileType = file.xib; path = CategoryViewController.xib; sourceTree = "<group>"; };
		02CB923316E8617800C48128 /* LabelCell.xib */ = {isa = PBXFileReference; fileEncoding = 4; lastKnownFileType = file.xib; name = LabelCell.xib; path = TableViewCell/LabelCell.xib; sourceTree = "<group>"; };
		02CB923516E8620700C48128 /* LabelCell.h */ = {isa = PBXFileReference; fileEncoding = 4; lastKnownFileType = sourcecode.c.h; name = LabelCell.h; path = TableViewCell/LabelCell.h; sourceTree = "<group>"; };
		02CB923616E8620700C48128 /* LabelCell.m */ = {isa = PBXFileReference; fileEncoding = 4; lastKnownFileType = sourcecode.c.objc; name = LabelCell.m; path = TableViewCell/LabelCell.m; sourceTree = "<group>"; };
		02CB923816E8872900C48128 /* DatePickerViewController.h */ = {isa = PBXFileReference; fileEncoding = 4; lastKnownFileType = sourcecode.c.h; path = DatePickerViewController.h; sourceTree = "<group>"; };
		02CB923916E8872A00C48128 /* DatePickerViewController.m */ = {isa = PBXFileReference; fileEncoding = 4; lastKnownFileType = sourcecode.c.objc; path = DatePickerViewController.m; sourceTree = "<group>"; };
		02CB923A16E8872A00C48128 /* DatePickerViewController.xib */ = {isa = PBXFileReference; fileEncoding = 4; lastKnownFileType = file.xib; path = DatePickerViewController.xib; sourceTree = "<group>"; };
		02CB923D16E89B4B00C48128 /* XpenseItemManager.h */ = {isa = PBXFileReference; fileEncoding = 4; lastKnownFileType = sourcecode.c.h; path = XpenseItemManager.h; sourceTree = "<group>"; };
		02CB923E16E89B4B00C48128 /* XpenseItemManager.m */ = {isa = PBXFileReference; fileEncoding = 4; lastKnownFileType = sourcecode.c.objc; path = XpenseItemManager.m; sourceTree = "<group>"; };
/* End PBXFileReference section */

/* Begin PBXFrameworksBuildPhase section */
		02A9053716DB544300D5D2E8 /* Frameworks */ = {
			isa = PBXFrameworksBuildPhase;
			buildActionMask = 2147483647;
			files = (
				02A9058216DB68E000D5D2E8 /* CoreData.framework in Frameworks */,
				02A9053E16DB544300D5D2E8 /* UIKit.framework in Frameworks */,
				02A9054016DB544300D5D2E8 /* Foundation.framework in Frameworks */,
				02A9054216DB544300D5D2E8 /* CoreGraphics.framework in Frameworks */,
			);
			runOnlyForDeploymentPostprocessing = 0;
		};
/* End PBXFrameworksBuildPhase section */

/* Begin PBXGroup section */
		0215FEF316E841AE003F36A4 /* TableViewCell */ = {
			isa = PBXGroup;
			children = (
				0215FEF716E847D5003F36A4 /* TextFieldCell.xib */,
				0215FEF916E859D2003F36A4 /* TextFieldCell.h */,
				0215FEFA16E859D2003F36A4 /* TextFieldCell.m */,
				02CB923316E8617800C48128 /* LabelCell.xib */,
				02CB923516E8620700C48128 /* LabelCell.h */,
				02CB923616E8620700C48128 /* LabelCell.m */,
			);
			name = TableViewCell;
			sourceTree = "<group>";
		};
		0235676316E5D8620065931A /* Category */ = {
			isa = PBXGroup;
			children = (
				02A9A67F16E488AB00E06FB5 /* CategoryViewController.h */,
				02A9A68016E488AB00E06FB5 /* CategoryViewController.m */,
				02A9A68116E488AB00E06FB5 /* CategoryViewController.xib */,
				0235676416E5D88D0065931A /* CategoryDetailsViewController.h */,
				0235676516E5D88D0065931A /* CategoryDetailsViewController.m */,
				0235676616E5D88D0065931A /* CategoryDetailsViewController.xib */,
				0235676916E5E70B0065931A /* CategoryManager.h */,
				0235676A16E5E70B0065931A /* CategoryManager.m */,
			);
			name = Category;
			sourceTree = "<group>";
		};
		02A9053116DB544300D5D2E8 = {
			isa = PBXGroup;
			children = (
				02A9058116DB68E000D5D2E8 /* CoreData.framework */,
				02A9054316DB544400D5D2E8 /* Xpense */,
				02A9053C16DB544300D5D2E8 /* Frameworks */,
				02A9053B16DB544300D5D2E8 /* Products */,
			);
			sourceTree = "<group>";
		};
		02A9053B16DB544300D5D2E8 /* Products */ = {
			isa = PBXGroup;
			children = (
				02A9053A16DB544300D5D2E8 /* Xpense.app */,
			);
			name = Products;
			sourceTree = "<group>";
		};
		02A9053C16DB544300D5D2E8 /* Frameworks */ = {
			isa = PBXGroup;
			children = (
				02A9053D16DB544300D5D2E8 /* UIKit.framework */,
				02A9053F16DB544300D5D2E8 /* Foundation.framework */,
				02A9054116DB544300D5D2E8 /* CoreGraphics.framework */,
			);
			name = Frameworks;
			sourceTree = "<group>";
		};
		02A9054316DB544400D5D2E8 /* Xpense */ = {
			isa = PBXGroup;
			children = (
				0215FEF316E841AE003F36A4 /* TableViewCell */,
				02A9057716DB5BEB00D5D2E8 /* Settings */,
				02A9057616DB5BE200D5D2E8 /* Report */,
				02A9057516DB5BD600D5D2E8 /* Xpense */,
				02A9057416DB5B4D00D5D2E8 /* Database */,
				02A9054C16DB544400D5D2E8 /* AppDelegate.h */,
				02A9054D16DB544400D5D2E8 /* AppDelegate.m */,
				02A9056E16DB55BB00D5D2E8 /* Resouces */,
				02A9054416DB544400D5D2E8 /* Supporting Files */,
			);
			path = Xpense;
			sourceTree = "<group>";
		};
		02A9054416DB544400D5D2E8 /* Supporting Files */ = {
			isa = PBXGroup;
			children = (
				02A9054516DB544400D5D2E8 /* Xpense-Info.plist */,
				02A9054616DB544400D5D2E8 /* InfoPlist.strings */,
				02A9054916DB544400D5D2E8 /* main.m */,
				02A9054B16DB544400D5D2E8 /* Xpense-Prefix.pch */,
				02A9054F16DB544400D5D2E8 /* Default.png */,
				02A9055116DB544400D5D2E8 /* Default@2x.png */,
				02A9055316DB544400D5D2E8 /* Default-568h@2x.png */,
			);
			name = "Supporting Files";
			sourceTree = "<group>";
		};
		02A9056E16DB55BB00D5D2E8 /* Resouces */ = {
			isa = PBXGroup;
			children = (
				02A9055F16DB544400D5D2E8 /* second.png */,
				02A9056116DB544400D5D2E8 /* second@2x.png */,
				02A9055816DB544400D5D2E8 /* first.png */,
				02A9055A16DB544400D5D2E8 /* first@2x.png */,
			);
			name = Resouces;
			sourceTree = "<group>";
		};
		02A9057416DB5B4D00D5D2E8 /* Database */ = {
			isa = PBXGroup;
			children = (
				02A9057816DB62C600D5D2E8 /* xpense.xcdatamodeld */,
				02A9057E16DB66AC00D5D2E8 /* XpenseItem.h */,
				02A9057F16DB66AC00D5D2E8 /* XpenseItem.m */,
				02A9057B16DB669500D5D2E8 /* XpenseCategory.h */,
				02A9057C16DB669500D5D2E8 /* XpenseCategory.m */,
				02A9058316DB68FE00D5D2E8 /* DbStore.h */,
				02A9058416DB68FE00D5D2E8 /* DbStore.m */,
			);
			name = Database;
			sourceTree = "<group>";
		};
		02A9057516DB5BD600D5D2E8 /* Xpense */ = {
			isa = PBXGroup;
			children = (
				0235676316E5D8620065931A /* Category */,
				02A9055516DB544400D5D2E8 /* XpenseViewController.h */,
				02A9055616DB544400D5D2E8 /* XpenseViewController.m */,
				02A9056316DB544400D5D2E8 /* XpenseViewController.xib */,
				0215FEEE16E838A0003F36A4 /* XpenseDetailsViewController.h */,
				0215FEEF16E838A0003F36A4 /* XpenseDetailsViewController.m */,
				0215FEF016E838A0003F36A4 /* XpenseDetailsViewController.xib */,
				02CB923816E8872900C48128 /* DatePickerViewController.h */,
				02CB923916E8872A00C48128 /* DatePickerViewController.m */,
				02CB923A16E8872A00C48128 /* DatePickerViewController.xib */,
				02CB923D16E89B4B00C48128 /* XpenseItemManager.h */,
				02CB923E16E89B4B00C48128 /* XpenseItemManager.m */,
			);
			name = Xpense;
			sourceTree = "<group>";
		};
		02A9057616DB5BE200D5D2E8 /* Report */ = {
			isa = PBXGroup;
			children = (
				02A9055C16DB544400D5D2E8 /* ReportViewController.h */,
				02A9055D16DB544400D5D2E8 /* ReportViewController.m */,
				02A9056616DB544400D5D2E8 /* ReportViewController.xib */,
			);
			name = Report;
			sourceTree = "<group>";
		};
		02A9057716DB5BEB00D5D2E8 /* Settings */ = {
			isa = PBXGroup;
			children = (
				02A9056F16DB560600D5D2E8 /* SettingsViewController.h */,
				02A9057016DB560600D5D2E8 /* SettingsViewController.m */,
				02A9057116DB560600D5D2E8 /* SettingsViewController.xib */,
			);
			name = Settings;
			sourceTree = "<group>";
		};
/* End PBXGroup section */

/* Begin PBXNativeTarget section */
		02A9053916DB544300D5D2E8 /* Xpense */ = {
			isa = PBXNativeTarget;
			buildConfigurationList = 02A9056B16DB544400D5D2E8 /* Build configuration list for PBXNativeTarget "Xpense" */;
			buildPhases = (
				02A9053616DB544300D5D2E8 /* Sources */,
				02A9053716DB544300D5D2E8 /* Frameworks */,
				02A9053816DB544300D5D2E8 /* Resources */,
			);
			buildRules = (
			);
			dependencies = (
			);
			name = Xpense;
			productName = Xpense;
			productReference = 02A9053A16DB544300D5D2E8 /* Xpense.app */;
			productType = "com.apple.product-type.application";
		};
/* End PBXNativeTarget section */

/* Begin PBXProject section */
		02A9053216DB544300D5D2E8 /* Project object */ = {
			isa = PBXProject;
			attributes = {
				LastUpgradeCheck = 0460;
				ORGANIZATIONNAME = Home;
			};
			buildConfigurationList = 02A9053516DB544300D5D2E8 /* Build configuration list for PBXProject "Xpense" */;
			compatibilityVersion = "Xcode 3.2";
			developmentRegion = English;
			hasScannedForEncodings = 0;
			knownRegions = (
				en,
			);
			mainGroup = 02A9053116DB544300D5D2E8;
			productRefGroup = 02A9053B16DB544300D5D2E8 /* Products */;
			projectDirPath = "";
			projectRoot = "";
			targets = (
				02A9053916DB544300D5D2E8 /* Xpense */,
			);
		};
/* End PBXProject section */

/* Begin PBXResourcesBuildPhase section */
		02A9053816DB544300D5D2E8 /* Resources */ = {
			isa = PBXResourcesBuildPhase;
			buildActionMask = 2147483647;
			files = (
				02A9054816DB544400D5D2E8 /* InfoPlist.strings in Resources */,
				02A9055016DB544400D5D2E8 /* Default.png in Resources */,
				02A9055216DB544400D5D2E8 /* Default@2x.png in Resources */,
				02A9055416DB544400D5D2E8 /* Default-568h@2x.png in Resources */,
				02A9055916DB544400D5D2E8 /* first.png in Resources */,
				02A9055B16DB544400D5D2E8 /* first@2x.png in Resources */,
				02A9056016DB544400D5D2E8 /* second.png in Resources */,
				02A9056216DB544400D5D2E8 /* second@2x.png in Resources */,
				02A9056516DB544400D5D2E8 /* XpenseViewController.xib in Resources */,
				02A9056816DB544400D5D2E8 /* ReportViewController.xib in Resources */,
				02A9057316DB560600D5D2E8 /* SettingsViewController.xib in Resources */,
				02A9A68316E488AB00E06FB5 /* CategoryViewController.xib in Resources */,
				0235676816E5D88D0065931A /* CategoryDetailsViewController.xib in Resources */,
				0215FEF216E838A0003F36A4 /* XpenseDetailsViewController.xib in Resources */,
				0215FEF816E847D5003F36A4 /* TextFieldCell.xib in Resources */,
				02CB923416E8617800C48128 /* LabelCell.xib in Resources */,
				02CB923C16E8872A00C48128 /* DatePickerViewController.xib in Resources */,
			);
			runOnlyForDeploymentPostprocessing = 0;
		};
/* End PBXResourcesBuildPhase section */

/* Begin PBXSourcesBuildPhase section */
		02A9053616DB544300D5D2E8 /* Sources */ = {
			isa = PBXSourcesBuildPhase;
			buildActionMask = 2147483647;
			files = (
				02A9054A16DB544400D5D2E8 /* main.m in Sources */,
				02A9054E16DB544400D5D2E8 /* AppDelegate.m in Sources */,
				02A9055716DB544400D5D2E8 /* XpenseViewController.m in Sources */,
				02A9055E16DB544400D5D2E8 /* ReportViewController.m in Sources */,
				02A9057216DB560600D5D2E8 /* SettingsViewController.m in Sources */,
				02A9057A16DB62C600D5D2E8 /* xpense.xcdatamodeld in Sources */,
				02A9057D16DB669500D5D2E8 /* XpenseCategory.m in Sources */,
				02A9058016DB66AC00D5D2E8 /* XpenseItem.m in Sources */,
				02A9058516DB68FE00D5D2E8 /* DbStore.m in Sources */,
				02A9A68216E488AB00E06FB5 /* CategoryViewController.m in Sources */,
				0235676716E5D88D0065931A /* CategoryDetailsViewController.m in Sources */,
				0235676B16E5E70B0065931A /* CategoryManager.m in Sources */,
				0215FEF116E838A0003F36A4 /* XpenseDetailsViewController.m in Sources */,
				0215FEFB16E859D2003F36A4 /* TextFieldCell.m in Sources */,
				02CB923716E8620700C48128 /* LabelCell.m in Sources */,
				02CB923B16E8872A00C48128 /* DatePickerViewController.m in Sources */,
				02CB923F16E89B4B00C48128 /* XpenseItemManager.m in Sources */,
			);
			runOnlyForDeploymentPostprocessing = 0;
		};
/* End PBXSourcesBuildPhase section */

/* Begin PBXVariantGroup section */
		02A9054616DB544400D5D2E8 /* InfoPlist.strings */ = {
			isa = PBXVariantGroup;
			children = (
				02A9054716DB544400D5D2E8 /* en */,
			);
			name = InfoPlist.strings;
			sourceTree = "<group>";
		};
		02A9056316DB544400D5D2E8 /* XpenseViewController.xib */ = {
			isa = PBXVariantGroup;
			children = (
				02A9056416DB544400D5D2E8 /* en */,
			);
			name = XpenseViewController.xib;
			sourceTree = "<group>";
		};
		02A9056616DB544400D5D2E8 /* ReportViewController.xib */ = {
			isa = PBXVariantGroup;
			children = (
				02A9056716DB544400D5D2E8 /* en */,
			);
			name = ReportViewController.xib;
			sourceTree = "<group>";
		};
/* End PBXVariantGroup section */

/* Begin XCBuildConfiguration section */
		02A9056916DB544400D5D2E8 /* Debug */ = {
			isa = XCBuildConfiguration;
			buildSettings = {
				ALWAYS_SEARCH_USER_PATHS = NO;
				CLANG_CXX_LANGUAGE_STANDARD = "gnu++0x";
				CLANG_CXX_LIBRARY = "libc++";
				CLANG_WARN_CONSTANT_CONVERSION = YES;
				CLANG_WARN_EMPTY_BODY = YES;
				CLANG_WARN_ENUM_CONVERSION = YES;
				CLANG_WARN_INT_CONVERSION = YES;
				CLANG_WARN__DUPLICATE_METHOD_MATCH = YES;
				"CODE_SIGN_IDENTITY[sdk=iphoneos*]" = "iPhone Developer";
				COPY_PHASE_STRIP = NO;
				GCC_C_LANGUAGE_STANDARD = gnu99;
				GCC_DYNAMIC_NO_PIC = NO;
				GCC_OPTIMIZATION_LEVEL = 0;
				GCC_PREPROCESSOR_DEFINITIONS = (
					"DEBUG=1",
					"$(inherited)",
				);
				GCC_SYMBOLS_PRIVATE_EXTERN = NO;
				GCC_WARN_ABOUT_RETURN_TYPE = YES;
				GCC_WARN_UNINITIALIZED_AUTOS = YES;
				GCC_WARN_UNUSED_VARIABLE = YES;
				IPHONEOS_DEPLOYMENT_TARGET = 6.1;
				ONLY_ACTIVE_ARCH = YES;
				SDKROOT = iphoneos;
			};
			name = Debug;
		};
		02A9056A16DB544400D5D2E8 /* Release */ = {
			isa = XCBuildConfiguration;
			buildSettings = {
				ALWAYS_SEARCH_USER_PATHS = NO;
				CLANG_CXX_LANGUAGE_STANDARD = "gnu++0x";
				CLANG_CXX_LIBRARY = "libc++";
				CLANG_WARN_CONSTANT_CONVERSION = YES;
				CLANG_WARN_EMPTY_BODY = YES;
				CLANG_WARN_ENUM_CONVERSION = YES;
				CLANG_WARN_INT_CONVERSION = YES;
				CLANG_WARN__DUPLICATE_METHOD_MATCH = YES;
				"CODE_SIGN_IDENTITY[sdk=iphoneos*]" = "iPhone Developer";
				COPY_PHASE_STRIP = YES;
				GCC_C_LANGUAGE_STANDARD = gnu99;
				GCC_WARN_ABOUT_RETURN_TYPE = YES;
				GCC_WARN_UNINITIALIZED_AUTOS = YES;
				GCC_WARN_UNUSED_VARIABLE = YES;
				IPHONEOS_DEPLOYMENT_TARGET = 6.1;
				OTHER_CFLAGS = "-DNS_BLOCK_ASSERTIONS=1";
				SDKROOT = iphoneos;
				VALIDATE_PRODUCT = YES;
			};
			name = Release;
		};
		02A9056C16DB544400D5D2E8 /* Debug */ = {
			isa = XCBuildConfiguration;
			buildSettings = {
				CODE_SIGN_IDENTITY = "iPhone Developer: Vincent Nguyen (7L26YX4VKJ)";
				GCC_PRECOMPILE_PREFIX_HEADER = YES;
				GCC_PREFIX_HEADER = "Xpense/Xpense-Prefix.pch";
				INFOPLIST_FILE = "Xpense/Xpense-Info.plist";
				PRODUCT_NAME = "$(TARGET_NAME)";
				PROVISIONING_PROFILE = "1F1BC9D9-967F-4548-963D-27E30FC30A93";
				WRAPPER_EXTENSION = app;
			};
			name = Debug;
		};
		02A9056D16DB544400D5D2E8 /* Release */ = {
			isa = XCBuildConfiguration;
			buildSettings = {
				CODE_SIGN_IDENTITY = "iPhone Developer: Vincent Nguyen (7L26YX4VKJ)";
				GCC_PRECOMPILE_PREFIX_HEADER = YES;
				GCC_PREFIX_HEADER = "Xpense/Xpense-Prefix.pch";
				INFOPLIST_FILE = "Xpense/Xpense-Info.plist";
				PRODUCT_NAME = "$(TARGET_NAME)";
				PROVISIONING_PROFILE = "1F1BC9D9-967F-4548-963D-27E30FC30A93";
				WRAPPER_EXTENSION = app;
			};
			name = Release;
		};
/* End XCBuildConfiguration section */

/* Begin XCConfigurationList section */
		02A9053516DB544300D5D2E8 /* Build configuration list for PBXProject "Xpense" */ = {
			isa = XCConfigurationList;
			buildConfigurations = (
				02A9056916DB544400D5D2E8 /* Debug */,
				02A9056A16DB544400D5D2E8 /* Release */,
			);
			defaultConfigurationIsVisible = 0;
			defaultConfigurationName = Release;
		};
		02A9056B16DB544400D5D2E8 /* Build configuration list for PBXNativeTarget "Xpense" */ = {
			isa = XCConfigurationList;
			buildConfigurations = (
				02A9056C16DB544400D5D2E8 /* Debug */,
				02A9056D16DB544400D5D2E8 /* Release */,
			);
			defaultConfigurationIsVisible = 0;
			defaultConfigurationName = Release;
		};
/* End XCConfigurationList section */

/* Begin XCVersionGroup section */
		02A9057816DB62C600D5D2E8 /* xpense.xcdatamodeld */ = {
			isa = XCVersionGroup;
			children = (
				02A9057916DB62C600D5D2E8 /* xpense.xcdatamodel */,
			);
			currentVersion = 02A9057916DB62C600D5D2E8 /* xpense.xcdatamodel */;
			path = xpense.xcdatamodeld;
			sourceTree = "<group>";
			versionGroupType = wrapper.xcdatamodel;
		};
/* End XCVersionGroup section */
	};
	rootObject = 02A9053216DB544300D5D2E8 /* Project object */;
}
